
Microsoft Visual Studio Solution File, Format Version 12.00
# Visual Studio Version 16
VisualStudioVersion = 16.0.31025.194
MinimumVisualStudioVersion = 10.0.40219.1
Project("{FAE04EC0-301F-11D3-BF4B-00C04F79EFBC}") = "ModMapConverter", "ModMapConverter.csproj", "{011C8D69-DA1E-4BAD-8621-103937CD2614}"
EndProject
Project("{2150E333-8FDC-42A3-9474-1A3956D46DE8}") = "Solution Items", "Solution Items", "{AEF0A2C2-BB1C-4788-92CD-338859911338}"
	ProjectSection(SolutionItems) = preProject
		.editorconfig = .editorconfig
	EndProjectSection
EndProject
Global
	GlobalSection(SolutionConfigurationPlatforms) = preSolution
		Debug|Any CPU = Debug|Any CPU
		Release|Any CPU = Release|Any CPU
	EndGlobalSection
	GlobalSection(ProjectConfigurationPlatforms) = postSolution
		{011C8D69-DA1E-4BAD-8621-103937CD2614}.Debug|Any CPU.ActiveCfg = Debug|Any CPU
		{011C8D69-DA1E-4BAD-8621-103937CD2614}.Debug|Any CPU.Build.0 = Debug|Any CPU
		{011C8D69-DA1E-4BAD-8621-103937CD2614}.Release|Any CPU.ActiveCfg = Release|Any CPU
		{011C8D69-DA1E-4BAD-8621-103937CD2614}.Release|Any CPU.Build.0 = Release|Any CPU
	EndGlobalSection
	GlobalSection(SolutionProperties) = preSolution
		HideSolutionNode = FALSE
	EndGlobalSection
	GlobalSection(ExtensibilityGlobals) = postSolution
		SolutionGuid = {0EC740E2-B9CF-48F4-AE91-62A54BC5B025}
	EndGlobalSection
EndGlobal
